
Microsoft Visual Studio Solution File, Format Version 12.00
# Visual Studio Version 16
VisualStudioVersion = 16.0.30104.148
MinimumVisualStudioVersion = 10.0.40219.1
Project("{9A19103F-16F7-4668-BE54-9A1E7A4F7556}") = "Heroes3Editor", "Heroes3Editor\Heroes3Editor.csproj", "{2D3C8384-6696-4E44-9CA7-61125EDDE37B}"
EndProject
Project("{2150E333-8FDC-42A3-9474-1A3956D46DE8}") = "Solution Items", "Solution Items", "{22F381BA-8F26-4191-A6D5-0D8DCB37F544}"
	ProjectSection(SolutionItems) = preProject
		.editorconfig = .editorconfig
		README.md = README.md
	EndProjectSection
EndProject
Project("{FAE04EC0-301F-11D3-BF4B-00C04F79EFBC}") = "SharpZipLib.GZip", "SharpZipLib.GZip\SharpZipLib.GZip.csproj", "{F833758E-569A-43F8-ADF6-9C866118F454}"
EndProject
Global
	GlobalSection(SolutionConfigurationPlatforms) = preSolution
		Debug|Any CPU = Debug|Any CPU
		Release|Any CPU = Release|Any CPU
	EndGlobalSection
	GlobalSection(ProjectConfigurationPlatforms) = postSolution
		{2D3C8384-6696-4E44-9CA7-61125EDDE37B}.Debug|Any CPU.ActiveCfg = Debug|Any CPU
		{2D3C8384-6696-4E44-9CA7-61125EDDE37B}.Debug|Any CPU.Build.0 = Debug|Any CPU
		{2D3C8384-6696-4E44-9CA7-61125EDDE37B}.Release|Any CPU.ActiveCfg = Release|Any CPU
		{2D3C8384-6696-4E44-9CA7-61125EDDE37B}.Release|Any CPU.Build.0 = Release|Any CPU
		{F833758E-569A-43F8-ADF6-9C866118F454}.Debug|Any CPU.ActiveCfg = Debug|Any CPU
		{F833758E-569A-43F8-ADF6-9C866118F454}.Debug|Any CPU.Build.0 = Debug|Any CPU
		{F833758E-569A-43F8-ADF6-9C866118F454}.Release|Any CPU.ActiveCfg = Release|Any CPU
		{F833758E-569A-43F8-ADF6-9C866118F454}.Release|Any CPU.Build.0 = Release|Any CPU
	EndGlobalSection
	GlobalSection(SolutionProperties) = preSolution
		HideSolutionNode = FALSE
	EndGlobalSection
	GlobalSection(ExtensibilityGlobals) = postSolution
		SolutionGuid = {6D91471A-C34B-4794-B44E-759F47B71A1A}
	EndGlobalSection
EndGlobal
